PODS:
  - GoogleMaps (2.7.0):
    - GoogleMaps/Maps (= 2.7.0)
  - GoogleMaps/Base (2.7.0)
  - GoogleMaps/Maps (2.7.0):
    - GoogleMaps/Base
  - GooglePlaces (2.7.0):
    - GoogleMaps/Base (= 2.7.0)
  - SlackTextViewController (1.9.6)

DEPENDENCIES:
  - GoogleMaps
  - GooglePlaces
  - SlackTextViewController

SPEC REPOS:
  https://github.com/cocoapods/specs.git:
    - GoogleMaps
    - GooglePlaces
    - SlackTextViewController

SPEC CHECKSUMS:
  GoogleMaps: f79af95cb24d869457b1f961c93d3ce8b2f3b848
  GooglePlaces: 3d06e6c99654545b4738ce49648745779c25f2ef
  SlackTextViewController: b854e62c1c156336bc4fd409c6ca79b5773e8f9d

PODFILE CHECKSUM: d90449b1f779d9c115f40517edf6851801b643c4

COCOAPODS: 1.5.2
